// !$*UTF8*$!
{
	archiveVersion = 1;
	classes = {
	};
	objectVersion = 56;
	objects = {

/* Begin PBXBuildFile section */
		926517272A435A99002FDFB2 /* FootApp.swift in Sources */ = {isa = PBXBuildFile; fileRef = 926517262A435A99002FDFB2 /* FootApp.swift */; };
		9265172B2A435A9A002FDFB2 /* Assets.xcassets in Resources */ = {isa = PBXBuildFile; fileRef = 9265172A2A435A9A002FDFB2 /* Assets.xcassets */; };
		9265172E2A435A9A002FDFB2 /* Preview Assets.xcassets in Resources */ = {isa = PBXBuildFile; fileRef = 9265172D2A435A9A002FDFB2 /* Preview Assets.xcassets */; };
		926517382A445FFF002FDFB2 /* League.swift in Sources */ = {isa = PBXBuildFile; fileRef = 926517372A445FFF002FDFB2 /* League.swift */; };
		9265173A2A446048002FDFB2 /* Team.swift in Sources */ = {isa = PBXBuildFile; fileRef = 926517392A446048002FDFB2 /* Team.swift */; };
		9265173C2A44605B002FDFB2 /* LeagueViewModel.swift in Sources */ = {isa = PBXBuildFile; fileRef = 9265173B2A44605B002FDFB2 /* LeagueViewModel.swift */; };
		9265173F2A44613A002FDFB2 /* UIApplication+Extension.swift in Sources */ = {isa = PBXBuildFile; fileRef = 9265173E2A44613A002FDFB2 /* UIApplication+Extension.swift */; };
		926517422A447124002FDFB2 /* TeamCell.swift in Sources */ = {isa = PBXBuildFile; fileRef = 926517412A447124002FDFB2 /* TeamCell.swift */; };
		926517442A447C77002FDFB2 /* LeagueAPICallManager.swift in Sources */ = {isa = PBXBuildFile; fileRef = 926517432A447C77002FDFB2 /* LeagueAPICallManager.swift */; };
		926517472A448068002FDFB2 /* FetchingError.swift in Sources */ = {isa = PBXBuildFile; fileRef = 926517462A448068002FDFB2 /* FetchingError.swift */; };
		926517492A44E356002FDFB2 /* LeagueList.swift in Sources */ = {isa = PBXBuildFile; fileRef = 926517482A44E356002FDFB2 /* LeagueList.swift */; };
		9265174B2A44E3E1002FDFB2 /* TeamAPICallManager.swift in Sources */ = {isa = PBXBuildFile; fileRef = 9265174A2A44E3E1002FDFB2 /* TeamAPICallManager.swift */; };
		9265174D2A44EC68002FDFB2 /* TeamViewModel.swift in Sources */ = {isa = PBXBuildFile; fileRef = 9265174C2A44EC68002FDFB2 /* TeamViewModel.swift */; };
		9265174F2A45A18C002FDFB2 /* LeagueView.swift in Sources */ = {isa = PBXBuildFile; fileRef = 9265174E2A45A18C002FDFB2 /* LeagueView.swift */; };
		926517532A460B11002FDFB2 /* TeamDetailView.swift in Sources */ = {isa = PBXBuildFile; fileRef = 926517522A460B11002FDFB2 /* TeamDetailView.swift */; };
		926517552A462F1E002FDFB2 /* TeamContent.swift in Sources */ = {isa = PBXBuildFile; fileRef = 926517542A462F1E002FDFB2 /* TeamContent.swift */; };
		926517572A4636C6002FDFB2 /* BannerView.swift in Sources */ = {isa = PBXBuildFile; fileRef = 926517562A4636C6002FDFB2 /* BannerView.swift */; };
/* End PBXBuildFile section */

/* Begin PBXFileReference section */
		926517232A435A99002FDFB2 /* Foot.app */ = {isa = PBXFileReference; explicitFileType = wrapper.application; includeInIndex = 0; path = Foot.app; sourceTree = BUILT_PRODUCTS_DIR; };
		926517262A435A99002FDFB2 /* FootApp.swift */ = {isa = PBXFileReference; lastKnownFileType = sourcecode.swift; path = FootApp.swift; sourceTree = "<group>"; };
		9265172A2A435A9A002FDFB2 /* Assets.xcassets */ = {isa = PBXFileReference; lastKnownFileType = folder.assetcatalog; path = Assets.xcassets; sourceTree = "<group>"; };
		9265172D2A435A9A002FDFB2 /* Preview Assets.xcassets */ = {isa = PBXFileReference; lastKnownFileType = folder.assetcatalog; path = "Preview Assets.xcassets"; sourceTree = "<group>"; };
		926517372A445FFF002FDFB2 /* League.swift */ = {isa = PBXFileReference; lastKnownFileType = sourcecode.swift; path = League.swift; sourceTree = "<group>"; };
		926517392A446048002FDFB2 /* Team.swift */ = {isa = PBXFileReference; lastKnownFileType = sourcecode.swift; path = Team.swift; sourceTree = "<group>"; };
		9265173B2A44605B002FDFB2 /* LeagueViewModel.swift */ = {isa = PBXFileReference; lastKnownFileType = sourcecode.swift; path = LeagueViewModel.swift; sourceTree = "<group>"; };
		9265173E2A44613A002FDFB2 /* UIApplication+Extension.swift */ = {isa = PBXFileReference; lastKnownFileType = sourcecode.swift; path = "UIApplication+Extension.swift"; sourceTree = "<group>"; };
		926517412A447124002FDFB2 /* TeamCell.swift */ = {isa = PBXFileReference; lastKnownFileType = sourcecode.swift; path = TeamCell.swift; sourceTree = "<group>"; };
		926517432A447C77002FDFB2 /* LeagueAPICallManager.swift */ = {isa = PBXFileReference; lastKnownFileType = sourcecode.swift; path = LeagueAPICallManager.swift; sourceTree = "<group>"; };
		926517462A448068002FDFB2 /* FetchingError.swift */ = {isa = PBXFileReference; lastKnownFileType = sourcecode.swift; path = FetchingError.swift; sourceTree = "<group>"; };
		926517482A44E356002FDFB2 /* LeagueList.swift */ = {isa = PBXFileReference; lastKnownFileType = sourcecode.swift; path = LeagueList.swift; sourceTree = "<group>"; };
		9265174A2A44E3E1002FDFB2 /* TeamAPICallManager.swift */ = {isa = PBXFileReference; lastKnownFileType = sourcecode.swift; path = TeamAPICallManager.swift; sourceTree = "<group>"; };
		9265174C2A44EC68002FDFB2 /* TeamViewModel.swift */ = {isa = PBXFileReference; lastKnownFileType = sourcecode.swift; path = TeamViewModel.swift; sourceTree = "<group>"; };
		9265174E2A45A18C002FDFB2 /* LeagueView.swift */ = {isa = PBXFileReference; fileEncoding = 4; lastKnownFileType = sourcecode.swift; path = LeagueView.swift; sourceTree = "<group>"; };
		926517522A460B11002FDFB2 /* TeamDetailView.swift */ = {isa = PBXFileReference; lastKnownFileType = sourcecode.swift; path = TeamDetailView.swift; sourceTree = "<group>"; };
		926517542A462F1E002FDFB2 /* TeamContent.swift */ = {isa = PBXFileReference; lastKnownFileType = sourcecode.swift; path = TeamContent.swift; sourceTree = "<group>"; };
		926517562A4636C6002FDFB2 /* BannerView.swift */ = {isa = PBXFileReference; lastKnownFileType = sourcecode.swift; path = BannerView.swift; sourceTree = "<group>"; };
/* End PBXFileReference section */

/* Begin PBXFrameworksBuildPhase section */
		926517202A435A99002FDFB2 /* Frameworks */ = {
			isa = PBXFrameworksBuildPhase;
			buildActionMask = 2147483647;
			files = (
			);
			runOnlyForDeploymentPostprocessing = 0;
		};
/* End PBXFrameworksBuildPhase section */

/* Begin PBXGroup section */
		9265171A2A435A99002FDFB2 = {
			isa = PBXGroup;
			children = (
				926517252A435A99002FDFB2 /* Foot */,
				926517242A435A99002FDFB2 /* Products */,
			);
			sourceTree = "<group>";
		};
		926517242A435A99002FDFB2 /* Products */ = {
			isa = PBXGroup;
			children = (
				926517232A435A99002FDFB2 /* Foot.app */,
			);
			name = Products;
			sourceTree = "<group>";
		};
		926517252A435A99002FDFB2 /* Foot */ = {
			isa = PBXGroup;
			children = (
				926517262A435A99002FDFB2 /* FootApp.swift */,
				926517342A435D07002FDFB2 /* Models */,
				926517352A435D0E002FDFB2 /* Views */,
				926517362A435D16002FDFB2 /* ViewModels */,
				926517452A44802F002FDFB2 /* APICalls */,
				9265173D2A446124002FDFB2 /* Extensions */,
				9265172A2A435A9A002FDFB2 /* Assets.xcassets */,
				9265172C2A435A9A002FDFB2 /* Preview Content */,
			);
			path = Foot;
			sourceTree = "<group>";
		};
		9265172C2A435A9A002FDFB2 /* Preview Content */ = {
			isa = PBXGroup;
			children = (
				9265172D2A435A9A002FDFB2 /* Preview Assets.xcassets */,
			);
			path = "Preview Content";
			sourceTree = "<group>";
		};
		926517342A435D07002FDFB2 /* Models */ = {
			isa = PBXGroup;
			children = (
				926517372A445FFF002FDFB2 /* League.swift */,
				926517392A446048002FDFB2 /* Team.swift */,
				926517462A448068002FDFB2 /* FetchingError.swift */,
			);
			path = Models;
			sourceTree = "<group>";
		};
		926517352A435D0E002FDFB2 /* Views */ = {
			isa = PBXGroup;
			children = (
				926517502A460AD2002FDFB2 /* LeagueView */,
				926517512A460AF0002FDFB2 /* TeamDetailView */,
			);
			path = Views;
			sourceTree = "<group>";
		};
		926517362A435D16002FDFB2 /* ViewModels */ = {
			isa = PBXGroup;
			children = (
				9265173B2A44605B002FDFB2 /* LeagueViewModel.swift */,
				9265174C2A44EC68002FDFB2 /* TeamViewModel.swift */,
			);
			path = ViewModels;
			sourceTree = "<group>";
		};
		9265173D2A446124002FDFB2 /* Extensions */ = {
			isa = PBXGroup;
			children = (
				9265173E2A44613A002FDFB2 /* UIApplication+Extension.swift */,
			);
			path = Extensions;
			sourceTree = "<group>";
		};
		926517402A4470DA002FDFB2 /* LeagueViewComponents */ = {
			isa = PBXGroup;
			children = (
				926517482A44E356002FDFB2 /* LeagueList.swift */,
				926517412A447124002FDFB2 /* TeamCell.swift */,
				926517542A462F1E002FDFB2 /* TeamContent.swift */,
			);
			path = LeagueViewComponents;
			sourceTree = "<group>";
		};
		926517452A44802F002FDFB2 /* APICalls */ = {
			isa = PBXGroup;
			children = (
				926517432A447C77002FDFB2 /* LeagueAPICallManager.swift */,
				9265174A2A44E3E1002FDFB2 /* TeamAPICallManager.swift */,
			);
			path = APICalls;
			sourceTree = "<group>";
		};
		926517502A460AD2002FDFB2 /* LeagueView */ = {
			isa = PBXGroup;
			children = (
				9265174E2A45A18C002FDFB2 /* LeagueView.swift */,
				926517402A4470DA002FDFB2 /* LeagueViewComponents */,
			);
			path = LeagueView;
			sourceTree = "<group>";
		};
		926517512A460AF0002FDFB2 /* TeamDetailView */ = {
			isa = PBXGroup;
			children = (
				926517522A460B11002FDFB2 /* TeamDetailView.swift */,
				926517562A4636C6002FDFB2 /* BannerView.swift */,
			);
			path = TeamDetailView;
			sourceTree = "<group>";
		};
/* End PBXGroup section */

/* Begin PBXNativeTarget section */
		926517222A435A99002FDFB2 /* Foot */ = {
			isa = PBXNativeTarget;
			buildConfigurationList = 926517312A435A9A002FDFB2 /* Build configuration list for PBXNativeTarget "Foot" */;
			buildPhases = (
				9265171F2A435A99002FDFB2 /* Sources */,
				926517202A435A99002FDFB2 /* Frameworks */,
				926517212A435A99002FDFB2 /* Resources */,
			);
			buildRules = (
			);
			dependencies = (
			);
			name = Foot;
			productName = Foot;
			productReference = 926517232A435A99002FDFB2 /* Foot.app */;
			productType = "com.apple.product-type.application";
		};
/* End PBXNativeTarget section */

/* Begin PBXProject section */
		9265171B2A435A99002FDFB2 /* Project object */ = {
			isa = PBXProject;
			attributes = {
				BuildIndependentTargetsInParallel = 1;
				LastSwiftUpdateCheck = 1420;
				LastUpgradeCheck = 1420;
				TargetAttributes = {
					926517222A435A99002FDFB2 = {
						CreatedOnToolsVersion = 14.2;
					};
				};
			};
			buildConfigurationList = 9265171E2A435A99002FDFB2 /* Build configuration list for PBXProject "Foot" */;
			compatibilityVersion = "Xcode 14.0";
			developmentRegion = en;
			hasScannedForEncodings = 0;
			knownRegions = (
				en,
				Base,
			);
			mainGroup = 9265171A2A435A99002FDFB2;
			productRefGroup = 926517242A435A99002FDFB2 /* Products */;
			projectDirPath = "";
			projectRoot = "";
			targets = (
				926517222A435A99002FDFB2 /* Foot */,
			);
		};
/* End PBXProject section */

/* Begin PBXResourcesBuildPhase section */
		926517212A435A99002FDFB2 /* Resources */ = {
			isa = PBXResourcesBuildPhase;
			buildActionMask = 2147483647;
			files = (
				9265172E2A435A9A002FDFB2 /* Preview Assets.xcassets in Resources */,
				9265172B2A435A9A002FDFB2 /* Assets.xcassets in Resources */,
			);
			runOnlyForDeploymentPostprocessing = 0;
		};
/* End PBXResourcesBuildPhase section */

/* Begin PBXSourcesBuildPhase section */
		9265171F2A435A99002FDFB2 /* Sources */ = {
			isa = PBXSourcesBuildPhase;
			buildActionMask = 2147483647;
			files = (
				9265173A2A446048002FDFB2 /* Team.swift in Sources */,
				926517572A4636C6002FDFB2 /* BannerView.swift in Sources */,
				9265174F2A45A18C002FDFB2 /* LeagueView.swift in Sources */,
				926517382A445FFF002FDFB2 /* League.swift in Sources */,
				9265174B2A44E3E1002FDFB2 /* TeamAPICallManager.swift in Sources */,
				9265173C2A44605B002FDFB2 /* LeagueViewModel.swift in Sources */,
				9265174D2A44EC68002FDFB2 /* TeamViewModel.swift in Sources */,
				9265173F2A44613A002FDFB2 /* UIApplication+Extension.swift in Sources */,
				926517422A447124002FDFB2 /* TeamCell.swift in Sources */,
				926517492A44E356002FDFB2 /* LeagueList.swift in Sources */,
				926517472A448068002FDFB2 /* FetchingError.swift in Sources */,
				926517552A462F1E002FDFB2 /* TeamContent.swift in Sources */,
				926517272A435A99002FDFB2 /* FootApp.swift in Sources */,
				926517532A460B11002FDFB2 /* TeamDetailView.swift in Sources */,
				926517442A447C77002FDFB2 /* LeagueAPICallManager.swift in Sources */,
			);
			runOnlyForDeploymentPostprocessing = 0;
		};
/* End PBXSourcesBuildPhase section */

/* Begin XCBuildConfiguration section */
		9265172F2A435A9A002FDFB2 /* Debug */ = {
			isa = XCBuildConfiguration;
			buildSettings = {
				ALWAYS_SEARCH_USER_PATHS = NO;
				CLANG_ANALYZER_NONNULL = YES;
				CLANG_ANALYZER_NUMBER_OBJECT_CONVERSION = YES_AGGRESSIVE;
				CLANG_CXX_LANGUAGE_STANDARD = "gnu++20";
				CLANG_ENABLE_MODULES = YES;
				CLANG_ENABLE_OBJC_ARC = YES;
				CLANG_ENABLE_OBJC_WEAK = YES;
				CLANG_WARN_BLOCK_CAPTURE_AUTORELEASING = YES;
				CLANG_WARN_BOOL_CONVERSION = YES;
				CLANG_WARN_COMMA = YES;
				CLANG_WARN_CONSTANT_CONVERSION = YES;
				CLANG_WARN_DEPRECATED_OBJC_IMPLEMENTATIONS = YES;
				CLANG_WARN_DIRECT_OBJC_ISA_USAGE = YES_ERROR;
				CLANG_WARN_DOCUMENTATION_COMMENTS = YES;
				CLANG_WARN_EMPTY_BODY = YES;
				CLANG_WARN_ENUM_CONVERSION = YES;
				CLANG_WARN_INFINITE_RECURSION = YES;
				CLANG_WARN_INT_CONVERSION = YES;
				CLANG_WARN_NON_LITERAL_NULL_CONVERSION = YES;
				CLANG_WARN_OBJC_IMPLICIT_RETAIN_SELF = YES;
				CLANG_WARN_OBJC_LITERAL_CONVERSION = YES;
				CLANG_WARN_OBJC_ROOT_CLASS = YES_ERROR;
				CLANG_WARN_QUOTED_INCLUDE_IN_FRAMEWORK_HEADER = YES;
				CLANG_WARN_RANGE_LOOP_ANALYSIS = YES;
				CLANG_WARN_STRICT_PROTOTYPES = YES;
				CLANG_WARN_SUSPICIOUS_MOVE = YES;
				CLANG_WARN_UNGUARDED_AVAILABILITY = YES_AGGRESSIVE;
				CLANG_WARN_UNREACHABLE_CODE = YES;
				CLANG_WARN__DUPLICATE_METHOD_MATCH = YES;
				COPY_PHASE_STRIP = NO;
				DEBUG_INFORMATION_FORMAT = dwarf;
				ENABLE_STRICT_OBJC_MSGSEND = YES;
				ENABLE_TESTABILITY = YES;
				GCC_C_LANGUAGE_STANDARD = gnu11;
				GCC_DYNAMIC_NO_PIC = NO;
				GCC_NO_COMMON_BLOCKS = YES;
				GCC_OPTIMIZATION_LEVEL = 0;
				GCC_PREPROCESSOR_DEFINITIONS = (
					"DEBUG=1",
					"$(inherited)",
				);
				GCC_WARN_64_TO_32_BIT_CONVERSION = YES;
				GCC_WARN_ABOUT_RETURN_TYPE = YES_ERROR;
				GCC_WARN_UNDECLARED_SELECTOR = YES;
				GCC_WARN_UNINITIALIZED_AUTOS = YES_AGGRESSIVE;
				GCC_WARN_UNUSED_FUNCTION = YES;
				GCC_WARN_UNUSED_VARIABLE = YES;
				IPHONEOS_DEPLOYMENT_TARGET = 16.2;
				MTL_ENABLE_DEBUG_INFO = INCLUDE_SOURCE;
				MTL_FAST_MATH = YES;
				ONLY_ACTIVE_ARCH = YES;
				SDKROOT = iphoneos;
				SWIFT_ACTIVE_COMPILATION_CONDITIONS = DEBUG;
				SWIFT_OPTIMIZATION_LEVEL = "-Onone";
			};
			name = Debug;
		};
		926517302A435A9A002FDFB2 /* Release */ = {
			isa = XCBuildConfiguration;
			buildSettings = {
				ALWAYS_SEARCH_USER_PATHS = NO;
				CLANG_ANALYZER_NONNULL = YES;
				CLANG_ANALYZER_NUMBER_OBJECT_CONVERSION = YES_AGGRESSIVE;
				CLANG_CXX_LANGUAGE_STANDARD = "gnu++20";
				CLANG_ENABLE_MODULES = YES;
				CLANG_ENABLE_OBJC_ARC = YES;
				CLANG_ENABLE_OBJC_WEAK = YES;
				CLANG_WARN_BLOCK_CAPTURE_AUTORELEASING = YES;
				CLANG_WARN_BOOL_CONVERSION = YES;
				CLANG_WARN_COMMA = YES;
				CLANG_WARN_CONSTANT_CONVERSION = YES;
				CLANG_WARN_DEPRECATED_OBJC_IMPLEMENTATIONS = YES;
				CLANG_WARN_DIRECT_OBJC_ISA_USAGE = YES_ERROR;
				CLANG_WARN_DOCUMENTATION_COMMENTS = YES;
				CLANG_WARN_EMPTY_BODY = YES;
				CLANG_WARN_ENUM_CONVERSION = YES;
				CLANG_WARN_INFINITE_RECURSION = YES;
				CLANG_WARN_INT_CONVERSION = YES;
				CLANG_WARN_NON_LITERAL_NULL_CONVERSION = YES;
				CLANG_WARN_OBJC_IMPLICIT_RETAIN_SELF = YES;
				CLANG_WARN_OBJC_LITERAL_CONVERSION = YES;
				CLANG_WARN_OBJC_ROOT_CLASS = YES_ERROR;
				CLANG_WARN_QUOTED_INCLUDE_IN_FRAMEWORK_HEADER = YES;
				CLANG_WARN_RANGE_LOOP_ANALYSIS = YES;
				CLANG_WARN_STRICT_PROTOTYPES = YES;
				CLANG_WARN_SUSPICIOUS_MOVE = YES;
				CLANG_WARN_UNGUARDED_AVAILABILITY = YES_AGGRESSIVE;
				CLANG_WARN_UNREACHABLE_CODE = YES;
				CLANG_WARN__DUPLICATE_METHOD_MATCH = YES;
				COPY_PHASE_STRIP = NO;
				DEBUG_INFORMATION_FORMAT = "dwarf-with-dsym";
				ENABLE_NS_ASSERTIONS = NO;
				ENABLE_STRICT_OBJC_MSGSEND = YES;
				GCC_C_LANGUAGE_STANDARD = gnu11;
				GCC_NO_COMMON_BLOCKS = YES;
				GCC_WARN_64_TO_32_BIT_CONVERSION = YES;
				GCC_WARN_ABOUT_RETURN_TYPE = YES_ERROR;
				GCC_WARN_UNDECLARED_SELECTOR = YES;
				GCC_WARN_UNINITIALIZED_AUTOS = YES_AGGRESSIVE;
				GCC_WARN_UNUSED_FUNCTION = YES;
				GCC_WARN_UNUSED_VARIABLE = YES;
				IPHONEOS_DEPLOYMENT_TARGET = 16.2;
				MTL_ENABLE_DEBUG_INFO = NO;
				MTL_FAST_MATH = YES;
				SDKROOT = iphoneos;
				SWIFT_COMPILATION_MODE = wholemodule;
				SWIFT_OPTIMIZATION_LEVEL = "-O";
				VALIDATE_PRODUCT = YES;
			};
			name = Release;
		};
		926517322A435A9A002FDFB2 /* Debug */ = {
			isa = XCBuildConfiguration;
			buildSettings = {
				ASSETCATALOG_COMPILER_APPICON_NAME = AppIcon;
				ASSETCATALOG_COMPILER_GLOBAL_ACCENT_COLOR_NAME = AccentColor;
				CODE_SIGN_STYLE = Automatic;
				CURRENT_PROJECT_VERSION = 1;
				DEVELOPMENT_ASSET_PATHS = "\"Foot/Preview Content\"";
				DEVELOPMENT_TEAM = 48SG7ZG46A;
				ENABLE_PREVIEWS = YES;
				GENERATE_INFOPLIST_FILE = YES;
				INFOPLIST_KEY_UIApplicationSceneManifest_Generation = YES;
				INFOPLIST_KEY_UIApplicationSupportsIndirectInputEvents = YES;
				INFOPLIST_KEY_UILaunchScreen_Generation = YES;
				INFOPLIST_KEY_UISupportedInterfaceOrientations_iPad = "UIInterfaceOrientationPortrait UIInterfaceOrientationPortraitUpsideDown UIInterfaceOrientationLandscapeLeft UIInterfaceOrientationLandscapeRight";
				INFOPLIST_KEY_UISupportedInterfaceOrientations_iPhone = "UIInterfaceOrientationPortrait UIInterfaceOrientationLandscapeLeft UIInterfaceOrientationLandscapeRight";
				LD_RUNPATH_SEARCH_PATHS = (
					"$(inherited)",
					"@executable_path/Frameworks",
				);
				MARKETING_VERSION = 1.0;
				PRODUCT_BUNDLE_IDENTIFIER = AristideLAUGA.Foot;
				PRODUCT_NAME = "$(TARGET_NAME)";
				SWIFT_EMIT_LOC_STRINGS = YES;
				SWIFT_VERSION = 5.0;
				TARGETED_DEVICE_FAMILY = "1,2";
			};
			name = Debug;
		};
		926517332A435A9A002FDFB2 /* Release */ = {
			isa = XCBuildConfiguration;
			buildSettings = {
				ASSETCATALOG_COMPILER_APPICON_NAME = AppIcon;
				ASSETCATALOG_COMPILER_GLOBAL_ACCENT_COLOR_NAME = AccentColor;
				CODE_SIGN_STYLE = Automatic;
				CURRENT_PROJECT_VERSION = 1;
				DEVELOPMENT_ASSET_PATHS = "\"Foot/Preview Content\"";
				DEVELOPMENT_TEAM = 48SG7ZG46A;
				ENABLE_PREVIEWS = YES;
				GENERATE_INFOPLIST_FILE = YES;
				INFOPLIST_KEY_UIApplicationSceneManifest_Generation = YES;
				INFOPLIST_KEY_UIApplicationSupportsIndirectInputEvents = YES;
				INFOPLIST_KEY_UILaunchScreen_Generation = YES;
				INFOPLIST_KEY_UISupportedInterfaceOrientations_iPad = "UIInterfaceOrientationPortrait UIInterfaceOrientationPortraitUpsideDown UIInterfaceOrientationLandscapeLeft UIInterfaceOrientationLandscapeRight";
				INFOPLIST_KEY_UISupportedInterfaceOrientations_iPhone = "UIInterfaceOrientationPortrait UIInterfaceOrientationLandscapeLeft UIInterfaceOrientationLandscapeRight";
				LD_RUNPATH_SEARCH_PATHS = (
					"$(inherited)",
					"@executable_path/Frameworks",
				);
				MARKETING_VERSION = 1.0;
				PRODUCT_BUNDLE_IDENTIFIER = AristideLAUGA.Foot;
				PRODUCT_NAME = "$(TARGET_NAME)";
				SWIFT_EMIT_LOC_STRINGS = YES;
				SWIFT_VERSION = 5.0;
				TARGETED_DEVICE_FAMILY = "1,2";
			};
			name = Release;
		};
/* End XCBuildConfiguration section */

/* Begin XCConfigurationList section */
		9265171E2A435A99002FDFB2 /* Build configuration list for PBXProject "Foot" */ = {
			isa = XCConfigurationList;
			buildConfigurations = (
				9265172F2A435A9A002FDFB2 /* Debug */,
				926517302A435A9A002FDFB2 /* Release */,
			);
			defaultConfigurationIsVisible = 0;
			defaultConfigurationName = Release;
		};
		926517312A435A9A002FDFB2 /* Build configuration list for PBXNativeTarget "Foot" */ = {
			isa = XCConfigurationList;
			buildConfigurations = (
				926517322A435A9A002FDFB2 /* Debug */,
				926517332A435A9A002FDFB2 /* Release */,
			);
			defaultConfigurationIsVisible = 0;
			defaultConfigurationName = Release;
		};
/* End XCConfigurationList section */
	};
	rootObject = 9265171B2A435A99002FDFB2 /* Project object */;
}
